{
  "requires": true,
  "lockfileVersion": 1,
  "dependencies": {
    "@ionic/core": {
      "version": "5.3.1",
      "resolved": "https://registry.npmjs.org/@ionic/core/-/core-5.3.1.tgz",
      "integrity": "sha512-psOiYZbpL5uGKi7MZ9BXCfQIdJVVVW1n8AvrWAiifFE/ebI1x0wbO+D5QLmF2Mc2t/d0nbk4N1V8XyF2bjjiLg==",
      "requires": {
        "ionicons": "^5.1.2",
        "tslib": "^1.10.0"
      },
      "dependencies": {
        "tslib": {
          "version": "1.13.0",
          "resolved": "https://registry.npmjs.org/tslib/-/tslib-1.13.0.tgz",
          "integrity": "sha512-i/6DQjL8Xf3be4K/E6Wgpekn5Qasl1usyw++dAA35Ue5orEn65VIxOA+YvNNl9HV3qv70T7CNwjODHZrLwvd1Q=="
        }
      }
    },
    "@ionic/react": {
      "version": "5.3.1",
      "resolved": "https://registry.npmjs.org/@ionic/react/-/react-5.3.1.tgz",
      "integrity": "sha512-G+giFkfWpc6idl7wvFMPX45NDxDZ6nbxXUfzA+bmHum3JZ6+B9rXJzvd8Cqco6DYLz3s7WP+UAvHGDg+MEWpAw==",
      "requires": {
        "@ionic/core": "5.3.1",
        "ionicons": "^5.1.2",
        "tslib": "*"
      }
    },
    "@types/prop-types": {
      "version": "15.7.3",
      "resolved": "https://registry.npmjs.org/@types/prop-types/-/prop-types-15.7.3.tgz",
      "integrity": "sha512-KfRL3PuHmqQLOG+2tGpRO26Ctg+Cq1E01D2DMriKEATHgWLfeNDmq9e29Q9WIky0dQ3NPkd1mzYH8Lm936Z9qw=="
    },
    "@types/react": {
      "version": "16.9.46",
      "resolved": "https://registry.npmjs.org/@types/react/-/react-16.9.46.tgz",
      "integrity": "sha512-dbHzO3aAq1lB3jRQuNpuZ/mnu+CdD3H0WVaaBQA8LTT3S33xhVBUj232T8M3tAhSWJs/D/UqORYUlJNl/8VQZg==",
      "requires": {
        "@types/prop-types": "*",
        "csstype": "^3.0.2"
      }
    },
    "csstype": {
      "version": "3.0.2",
      "resolved": "https://registry.npmjs.org/csstype/-/csstype-3.0.2.tgz",
      "integrity": "sha512-ofovWglpqoqbfLNOTBNZLSbMuGrblAf1efvvArGKOZMBrIoJeu5UsAipQolkijtyQx5MtAzT/J9IHj/CEY1mJw=="
    },
    "ionicons": {
      "version": "5.1.2",
      "resolved": "https://registry.npmjs.org/ionicons/-/ionicons-5.1.2.tgz",
      "integrity": "sha512-zO7ZgbBbXhpA7cXO2rDzTNdcCqErjg1Sprq/ossTvaiV0MriOjRE7JO3EGvYjDTPzF9YALGpvLXqCgsRT0tprA=="
    },
    "js-tokens": {
      "version": "4.0.0",
      "resolved": "https://registry.npmjs.org/js-tokens/-/js-tokens-4.0.0.tgz",
      "integrity": "sha512-RdJUflcE3cUzKiMqQgsCu06FPu9UdIJO0beYbPhHN4k6apgJtifcoCtT9bcxOpYBtpD2kCM6Sbzg4CausW/PKQ=="
    },
    "lodash": {
      "version": "4.17.20",
      "resolved": "https://registry.npmjs.org/lodash/-/lodash-4.17.20.tgz",
      "integrity": "sha512-PlhdFcillOINfeV7Ni6oF1TAEayyZBoZ8bcshTHqOYJYlrqzRK5hagpagky5o4HfCzzd1TRkXPMFq6cKk9rGmA==",
      "dev": true
    },
    "lodash-es": {
      "version": "4.17.15",
      "resolved": "https://registry.npmjs.org/lodash-es/-/lodash-es-4.17.15.tgz",
      "integrity": "sha512-rlrc3yU3+JNOpZ9zj5pQtxnx2THmvRykwL4Xlxoa8I9lHBlVbbyPhgyPMioxVZ4NqyxaVVtaJnzsyOidQIhyyQ==",
      "dev": true
    },
    "loose-envify": {
      "version": "1.4.0",
      "resolved": "https://registry.npmjs.org/loose-envify/-/loose-envify-1.4.0.tgz",
      "integrity": "sha512-lyuxPGr/Wfhrlem2CL/UcnUc1zcqKAImBDzukY7Y5F/yQiNdko6+fRLevlw1HgMySw7f611UIY408EtxRSoK3Q==",
      "requires": {
        "js-tokens": "^3.0.0 || ^4.0.0"
      }
    },
    "object-assign": {
      "version": "4.1.1",
      "resolved": "https://registry.npmjs.org/object-assign/-/object-assign-4.1.1.tgz",
      "integrity": "sha1-IQmtx5ZYh8/AXLvUQsrIv7s2CGM="
    },
    "prop-types": {
      "version": "15.7.2",
      "resolved": "https://registry.npmjs.org/prop-types/-/prop-types-15.7.2.tgz",
      "integrity": "sha512-8QQikdH7//R2vurIJSutZ1smHYTcLpRWEOlHnzcWHmBYrOGUysKwSsrC89BCiFj3CbrfJ/nXFdJepOVrY1GCHQ==",
      "requires": {
        "loose-envify": "^1.4.0",
        "object-assign": "^4.1.1",
        "react-is": "^16.8.1"
      }
    },
    "react": {
      "version": "16.13.1",
      "resolved": "https://registry.npmjs.org/react/-/react-16.13.1.tgz",
      "integrity": "sha512-YMZQQq32xHLX0bz5Mnibv1/LHb3Sqzngu7xstSM+vrkE5Kzr9xE0yMByK5kMoTK30YVJE61WfbxIFFvfeDKT1w==",
      "requires": {
        "loose-envify": "^1.1.0",
        "object-assign": "^4.1.1",
        "prop-types": "^15.6.2"
      }
    },
    "react-dom": {
      "version": "16.13.1",
      "resolved": "https://registry.npmjs.org/react-dom/-/react-dom-16.13.1.tgz",
      "integrity": "sha512-81PIMmVLnCNLO/fFOQxdQkvEq/+Hfpv24XNJfpyZhTRfO0QcmQIF/PgCa1zCOj2w1hrn12MFLyaJ/G0+Mxtfag==",
      "requires": {
        "loose-envify": "^1.1.0",
        "object-assign": "^4.1.1",
        "prop-types": "^15.6.2",
        "scheduler": "^0.19.1"
      }
    },
    "react-is": {
      "version": "16.13.1",
      "resolved": "https://registry.npmjs.org/react-is/-/react-is-16.13.1.tgz",
      "integrity": "sha512-24e6ynE2H+OKt4kqsOvNd8kBpV65zoxbA4BVsEOB3ARVWQki/DHzaUoC5KuON/BiccDaCCTZBuOcfZs70kR8bQ=="
    },
    "scheduler": {
      "version": "0.19.1",
      "resolved": "https://registry.npmjs.org/scheduler/-/scheduler-0.19.1.tgz",
      "integrity": "sha512-n/zwRWRYSUj0/3g/otKDRPMh6qv2SYMWNq85IEa8iZyAv8od9zDYpGSnpBEjNgcMNq6Scbu5KfIPxNF72R/2EA==",
      "requires": {
        "loose-envify": "^1.1.0",
        "object-assign": "^4.1.1"
      }
    },
    "ts-types-parser": {
      "version": "1.0.3",
      "resolved": "https://registry.npmjs.org/ts-types-parser/-/ts-types-parser-1.0.3.tgz",
      "integrity": "sha512-Zj8l303Hwk7EQYMyCeyjgF22ktLJCo+orsGJHYHRbufwccFCzaC9xGOz441IZuFnxOCjobpnQJhbLR80HdSv2g==",
      "dev": true,
      "requires": {
        "typescript": "3.4.5"
      },
      "dependencies": {
        "typescript": {
          "version": "3.4.5",
          "resolved": "https://registry.npmjs.org/typescript/-/typescript-3.4.5.tgz",
          "integrity": "sha512-YycBxUb49UUhdNMU5aJ7z5Ej2XGmaIBL0x34vZ82fn3hGvD+bgrMrVDpatgz2f7YxUMJxMkbWxJZeAvDxVe7Vw==",
          "dev": true
        }
      }
    },
    "tslib": {
      "version": "2.0.1",
      "resolved": "https://registry.npmjs.org/tslib/-/tslib-2.0.1.tgz",
      "integrity": "sha512-SgIkNheinmEBgx1IUNirK0TUD4X9yjjBRTqqjggWCU3pUEqIk3/Uwl3yRixYKT6WjQuGiwDv4NomL3wqRCj+CQ=="
    },
    "typescript": {
      "version": "3.9.7",
      "resolved": "https://registry.npmjs.org/typescript/-/typescript-3.9.7.tgz",
      "integrity": "sha512-BLbiRkiBzAwsjut4x/dsibSTB6yWpwT5qWmC2OfuCg3GgVQCSgMs4vEctYPhsaGtd0AeuuHMkjZ2h2WG8MSzRw==",
      "dev": true
    },
    "typescript-parser": {
      "version": "2.6.1",
      "resolved": "https://registry.npmjs.org/typescript-parser/-/typescript-parser-2.6.1.tgz",
      "integrity": "sha512-p4ZC10pu67KO8+WJALsJWhbAq4pRBIcP+ls8Bhl+V8KvzYQDwxw/P5hJhn3rBdLnfS5aGLflfh7WiZpN6yi+5g==",
      "dev": true,
      "requires": {
        "lodash": "^4.17.10",
        "lodash-es": "^4.17.10",
        "tslib": "^1.9.3",
        "typescript": "^3.0.3"
      },
      "dependencies": {
        "tslib": {
          "version": "1.13.0",
          "resolved": "https://registry.npmjs.org/tslib/-/tslib-1.13.0.tgz",
          "integrity": "sha512-i/6DQjL8Xf3be4K/E6Wgpekn5Qasl1usyw++dAA35Ue5orEn65VIxOA+YvNNl9HV3qv70T7CNwjODHZrLwvd1Q==",
          "dev": true
        }
      }
    }
  }
}
